
Microsoft Visual Studio Solution File, Format Version 12.00
# Visual Studio Version 16
VisualStudioVersion = 16.0.31729.503
MinimumVisualStudioVersion = 10.0.40219.1
Project("{9A19103F-16F7-4668-BE54-9A1E7A4F7556}") = "Lesson 6.1", "Lesson 6\Lesson 6.1.csproj", "{80DF0070-FFB2-4832-88A7-0F6AE9EAA6F4}"
EndProject
Project("{9A19103F-16F7-4668-BE54-9A1E7A4F7556}") = "Lesson 6.2", "Lesson 6.2\Lesson 6.2.csproj", "{C6DC741A-1570-4DF7-AFF6-7732851E0A5C}"
EndProject
Global
	GlobalSection(SolutionConfigurationPlatforms) = preSolution
		Debug|Any CPU = Debug|Any CPU
		Release|Any CPU = Release|Any CPU
	EndGlobalSection
	GlobalSection(ProjectConfigurationPlatforms) = postSolution
		{80DF0070-FFB2-4832-88A7-0F6AE9EAA6F4}.Debug|Any CPU.ActiveCfg = Debug|Any CPU
		{80DF0070-FFB2-4832-88A7-0F6AE9EAA6F4}.Debug|Any CPU.Build.0 = Debug|Any CPU
		{80DF0070-FFB2-4832-88A7-0F6AE9EAA6F4}.Release|Any CPU.ActiveCfg = Release|Any CPU
		{80DF0070-FFB2-4832-88A7-0F6AE9EAA6F4}.Release|Any CPU.Build.0 = Release|Any CPU
		{C6DC741A-1570-4DF7-AFF6-7732851E0A5C}.Debug|Any CPU.ActiveCfg = Debug|Any CPU
		{C6DC741A-1570-4DF7-AFF6-7732851E0A5C}.Debug|Any CPU.Build.0 = Debug|Any CPU
		{C6DC741A-1570-4DF7-AFF6-7732851E0A5C}.Release|Any CPU.ActiveCfg = Release|Any CPU
		{C6DC741A-1570-4DF7-AFF6-7732851E0A5C}.Release|Any CPU.Build.0 = Release|Any CPU
	EndGlobalSection
	GlobalSection(SolutionProperties) = preSolution
		HideSolutionNode = FALSE
	EndGlobalSection
	GlobalSection(ExtensibilityGlobals) = postSolution
		SolutionGuid = {59204761-E93A-4435-8A99-A26D9224B3AF}
	EndGlobalSection
EndGlobal
